
Microsoft Visual Studio Solution File, Format Version 12.00
# Visual Studio Version 17
VisualStudioVersion = 17.9.34701.34
MinimumVisualStudioVersion = 10.0.40219.1
Project("{FAE04EC0-301F-11D3-BF4B-00C04F79EFBC}") = "ProjectSE", "ProjectSE.csproj", "{17AEDB19-43D9-4C9D-B96A-F7428CE46175}"
EndProject
Global
	GlobalSection(SolutionConfigurationPlatforms) = preSolution
		Debug|Any CPU = Debug|Any CPU
		Release|Any CPU = Release|Any CPU
	EndGlobalSection
	GlobalSection(ProjectConfigurationPlatforms) = postSolution
		{17AEDB19-43D9-4C9D-B96A-F7428CE46175}.Debug|Any CPU.ActiveCfg = Debug|Any CPU
		{17AEDB19-43D9-4C9D-B96A-F7428CE46175}.Debug|Any CPU.Build.0 = Debug|Any CPU
		{17AEDB19-43D9-4C9D-B96A-F7428CE46175}.Release|Any CPU.ActiveCfg = Release|Any CPU
		{17AEDB19-43D9-4C9D-B96A-F7428CE46175}.Release|Any CPU.Build.0 = Release|Any CPU
	EndGlobalSection
	GlobalSection(SolutionProperties) = preSolution
		HideSolutionNode = FALSE
	EndGlobalSection
	GlobalSection(ExtensibilityGlobals) = postSolution
		SolutionGuid = {725BEE32-1B4A-4D1A-8526-7882D748BEC6}
	EndGlobalSection
EndGlobal
